
Microsoft Visual Studio Solution File, Format Version 12.00
# Visual Studio Version 17
VisualStudioVersion = 17.0.31912.275
MinimumVisualStudioVersion = 10.0.40219.1
Project("{9A19103F-16F7-4668-BE54-9A1E7A4F7556}") = "openmedstack", "src\openmedstack\openmedstack.csproj", "{6C058AD8-1DC8-40AA-91F3-A82A5FE35122}"
EndProject
Project("{9A19103F-16F7-4668-BE54-9A1E7A4F7556}") = "openmedstack.autofac", "src\openmedstack.autofac\openmedstack.autofac.csproj", "{8F84AE73-4A61-4625-80C0-3907500CE6C0}"
EndProject
Project("{9A19103F-16F7-4668-BE54-9A1E7A4F7556}") = "openmedstack.domain", "src\openmedstack.domain\openmedstack.domain.csproj", "{11D2D690-C9D2-44F8-BB97-B15644AC6D99}"
EndProject
Project("{9A19103F-16F7-4668-BE54-9A1E7A4F7556}") = "openmedstack.autofac.neventstore.inmemory", "src\openmedstack.autofac.neventstore.inmemory\openmedstack.autofac.neventstore.inmemory.csproj", "{738FA670-6B94-4BD8-97F0-A03F4308AC6B}"
EndProject
Project("{2150E333-8FDC-42A3-9474-1A3956D46DE8}") = "tests", "tests", "{2B806C05-866E-4CE0-A5C6-71D099F591D6}"
EndProject
Project("{9A19103F-16F7-4668-BE54-9A1E7A4F7556}") = "openmedstack.web.autofac.tests", "tests\openmedstack.owin.autofac.tests\openmedstack.web.autofac.tests.csproj", "{FC2EB3FA-7882-4E6B-B04D-9712D3EA61EC}"
EndProject
Project("{9A19103F-16F7-4668-BE54-9A1E7A4F7556}") = "openmedstack.autofac.masstransit", "src\openmedstack.autofac.masstransit\openmedstack.autofac.masstransit.csproj", "{4BB09748-3EBA-4C90-863C-6D93520229DB}"
EndProject
Project("{9A19103F-16F7-4668-BE54-9A1E7A4F7556}") = "openmedstack.autofac.masstransit.rabbitmq", "src\openmedstack.autofac.masstransit.rabbitmq\openmedstack.autofac.masstransit.rabbitmq.csproj", "{53D40E65-48FF-4BFB-96E1-51588FF5CCC3}"
EndProject
Project("{9A19103F-16F7-4668-BE54-9A1E7A4F7556}") = "openmedstack.autofac.neventstore", "src\openmedstack.autofac.neventstore\openmedstack.autofac.neventstore.csproj", "{0E974FD4-43C2-4CFB-8E59-F48347AA8000}"
EndProject
Project("{9A19103F-16F7-4668-BE54-9A1E7A4F7556}") = "openmedstack.framework.integrationtests", "tests\openmedstack.framework.integrationtests\openmedstack.framework.integrationtests.csproj", "{6DA04B8C-E6D4-4CD6-9272-88B1B84E0C13}"
EndProject
Project("{2150E333-8FDC-42A3-9474-1A3956D46DE8}") = "Solution Items", "Solution Items", "{88BB7F64-6BF4-48AA-BCC3-E4DD844F064D}"
	ProjectSection(SolutionItems) = preProject
		build.ps1 = build.ps1
		shared.proj = shared.proj
		build.sh = build.sh
		build_mac.sh = build_mac.sh
		push.sh = push.sh
		README.md = README.md
	EndProjectSection
EndProject
Project("{9A19103F-16F7-4668-BE54-9A1E7A4F7556}") = "openmedstack.autofac.masstransit.azure", "src\openmedstack.autofac.masstransit.azure\openmedstack.autofac.masstransit.azure.csproj", "{302AE1E9-22C8-4F0A-B878-6D3234C2CD64}"
EndProject
Project("{9A19103F-16F7-4668-BE54-9A1E7A4F7556}") = "openmedstack.autofac.neventstore.sql", "src\openmedstack.autofac.neventstore.sql\openmedstack.autofac.neventstore.sql.csproj", "{6CC039CA-962B-4216-A0A2-7053A1FCF7F4}"
EndProject
Project("{9A19103F-16F7-4668-BE54-9A1E7A4F7556}") = "openmedstack.autofac.neventstore.sql.tests", "tests\openmedstack.autofac.neventstore.sql.tests\openmedstack.autofac.neventstore.sql.tests.csproj", "{9FF87712-F839-4EE9-81F0-D4031DD43564}"
EndProject
Project("{9A19103F-16F7-4668-BE54-9A1E7A4F7556}") = "openmedstack.autofac.masstransit.sqs", "src\openmedstack.autofac.masstransit.sqs\openmedstack.autofac.masstransit.sqs.csproj", "{A10DB696-5060-4F14-B7B1-7F5571B7F2D7}"
EndProject
Project("{9A19103F-16F7-4668-BE54-9A1E7A4F7556}") = "openmedstack.web.testing", "src\openmedstack.web.testing\openmedstack.web.testing.csproj", "{1E40ADC1-B9EC-4518-8E7A-651EDB00B43B}"
EndProject
Project("{9A19103F-16F7-4668-BE54-9A1E7A4F7556}") = "openmedstack.domain.tests", "tests\openmedstack.domain.tests\openmedstack.domain.tests.csproj", "{C895C0C3-E6FF-4BFF-B839-E12C83522497}"
EndProject
Project("{9A19103F-16F7-4668-BE54-9A1E7A4F7556}") = "openmedstack.autofac.masstransit.activemq", "src\openmedstack.autofac.masstransit.activemq\openmedstack.autofac.masstransit.activemq.csproj", "{25E29957-0A4E-4C47-BC5D-FBEECAABD773}"
EndProject
Project("{9A19103F-16F7-4668-BE54-9A1E7A4F7556}") = "openmedstack.tests", "tests\openmedstack.tests\openmedstack.tests.csproj", "{EF008584-2070-4D4A-BBB2-DFFEB82E861E}"
EndProject
Project("{9A19103F-16F7-4668-BE54-9A1E7A4F7556}") = "openmedstack.web", "src\openmedstack.web\openmedstack.web.csproj", "{E56492EE-70BD-4121-B03C-3B4A5740BB40}"
EndProject
Project("{9A19103F-16F7-4668-BE54-9A1E7A4F7556}") = "openmedstack.web.autofac", "src\openmedstack.web.autofac\openmedstack.web.autofac.csproj", "{696306BC-0240-4A07-8090-E2B12F4DA12D}"
EndProject
Project("{9A19103F-16F7-4668-BE54-9A1E7A4F7556}") = "openmedstack.masstransit.tests", "tests\openmedstack.masstransit.tests\openmedstack.masstransit.tests.csproj", "{5B4C22DC-CEC3-4951-B114-8A257476DED7}"
EndProject
Project("{FAE04EC0-301F-11D3-BF4B-00C04F79EFBC}") = "openmedstack.autofac.neventstore.dispatcher.polling", "src\openmedstack.autofac.neventstore.dispatcher.polling\openmedstack.autofac.neventstore.dispatcher.polling.csproj", "{8C1BD19C-75DD-4AA1-9FB0-B4B0405C0598}"
EndProject
Project("{FAE04EC0-301F-11D3-BF4B-00C04F79EFBC}") = "openmedstack.infrastructure.bootstrapping", "src\openmedstack.infrastructure.bootstrapping\openmedstack.infrastructure.bootstrapping.csproj", "{DD5CC1E8-2185-42BB-81AD-760C9BCD21FF}"
EndProject
Project("{FAE04EC0-301F-11D3-BF4B-00C04F79EFBC}") = "openmedstack.autofac.masstransit.grpc", "src\openmedstack.autofac.masstransit.grpc\openmedstack.autofac.masstransit.grpc.csproj", "{8F41A6D3-0724-41CA-8412-E986714E3747}"
EndProject
Global
	GlobalSection(SolutionConfigurationPlatforms) = preSolution
		Debug|Any CPU = Debug|Any CPU
		Debug|ARM = Debug|ARM
		Debug|x64 = Debug|x64
		Debug|x86 = Debug|x86
		Release|Any CPU = Release|Any CPU
		Release|ARM = Release|ARM
		Release|x64 = Release|x64
		Release|x86 = Release|x86
	EndGlobalSection
	GlobalSection(ProjectConfigurationPlatforms) = postSolution
		{6C058AD8-1DC8-40AA-91F3-A82A5FE35122}.Debug|Any CPU.ActiveCfg = Debug|Any CPU
		{6C058AD8-1DC8-40AA-91F3-A82A5FE35122}.Debug|Any CPU.Build.0 = Debug|Any CPU
		{6C058AD8-1DC8-40AA-91F3-A82A5FE35122}.Debug|ARM.ActiveCfg = Debug|Any CPU
		{6C058AD8-1DC8-40AA-91F3-A82A5FE35122}.Debug|ARM.Build.0 = Debug|Any CPU
		{6C058AD8-1DC8-40AA-91F3-A82A5FE35122}.Debug|x64.ActiveCfg = Debug|Any CPU
		{6C058AD8-1DC8-40AA-91F3-A82A5FE35122}.Debug|x64.Build.0 = Debug|Any CPU
		{6C058AD8-1DC8-40AA-91F3-A82A5FE35122}.Debug|x86.ActiveCfg = Debug|Any CPU
		{6C058AD8-1DC8-40AA-91F3-A82A5FE35122}.Debug|x86.Build.0 = Debug|Any CPU
		{6C058AD8-1DC8-40AA-91F3-A82A5FE35122}.Release|Any CPU.ActiveCfg = Release|Any CPU
		{6C058AD8-1DC8-40AA-91F3-A82A5FE35122}.Release|Any CPU.Build.0 = Release|Any CPU
		{6C058AD8-1DC8-40AA-91F3-A82A5FE35122}.Release|ARM.ActiveCfg = Release|Any CPU
		{6C058AD8-1DC8-40AA-91F3-A82A5FE35122}.Release|ARM.Build.0 = Release|Any CPU
		{6C058AD8-1DC8-40AA-91F3-A82A5FE35122}.Release|x64.ActiveCfg = Release|Any CPU
		{6C058AD8-1DC8-40AA-91F3-A82A5FE35122}.Release|x64.Build.0 = Release|Any CPU
		{6C058AD8-1DC8-40AA-91F3-A82A5FE35122}.Release|x86.ActiveCfg = Release|Any CPU
		{6C058AD8-1DC8-40AA-91F3-A82A5FE35122}.Release|x86.Build.0 = Release|Any CPU
		{8F84AE73-4A61-4625-80C0-3907500CE6C0}.Debug|Any CPU.ActiveCfg = Debug|Any CPU
		{8F84AE73-4A61-4625-80C0-3907500CE6C0}.Debug|Any CPU.Build.0 = Debug|Any CPU
		{8F84AE73-4A61-4625-80C0-3907500CE6C0}.Debug|ARM.ActiveCfg = Debug|Any CPU
		{8F84AE73-4A61-4625-80C0-3907500CE6C0}.Debug|ARM.Build.0 = Debug|Any CPU
		{8F84AE73-4A61-4625-80C0-3907500CE6C0}.Debug|x64.ActiveCfg = Debug|Any CPU
		{8F84AE73-4A61-4625-80C0-3907500CE6C0}.Debug|x64.Build.0 = Debug|Any CPU
		{8F84AE73-4A61-4625-80C0-3907500CE6C0}.Debug|x86.ActiveCfg = Debug|Any CPU
		{8F84AE73-4A61-4625-80C0-3907500CE6C0}.Debug|x86.Build.0 = Debug|Any CPU
		{8F84AE73-4A61-4625-80C0-3907500CE6C0}.Release|Any CPU.ActiveCfg = Release|Any CPU
		{8F84AE73-4A61-4625-80C0-3907500CE6C0}.Release|Any CPU.Build.0 = Release|Any CPU
		{8F84AE73-4A61-4625-80C0-3907500CE6C0}.Release|ARM.ActiveCfg = Release|Any CPU
		{8F84AE73-4A61-4625-80C0-3907500CE6C0}.Release|ARM.Build.0 = Release|Any CPU
		{8F84AE73-4A61-4625-80C0-3907500CE6C0}.Release|x64.ActiveCfg = Release|Any CPU
		{8F84AE73-4A61-4625-80C0-3907500CE6C0}.Release|x64.Build.0 = Release|Any CPU
		{8F84AE73-4A61-4625-80C0-3907500CE6C0}.Release|x86.ActiveCfg = Release|Any CPU
		{8F84AE73-4A61-4625-80C0-3907500CE6C0}.Release|x86.Build.0 = Release|Any CPU
		{11D2D690-C9D2-44F8-BB97-B15644AC6D99}.Debug|Any CPU.ActiveCfg = Debug|Any CPU
		{11D2D690-C9D2-44F8-BB97-B15644AC6D99}.Debug|Any CPU.Build.0 = Debug|Any CPU
		{11D2D690-C9D2-44F8-BB97-B15644AC6D99}.Debug|ARM.ActiveCfg = Debug|Any CPU
		{11D2D690-C9D2-44F8-BB97-B15644AC6D99}.Debug|ARM.Build.0 = Debug|Any CPU
		{11D2D690-C9D2-44F8-BB97-B15644AC6D99}.Debug|x64.ActiveCfg = Debug|Any CPU
		{11D2D690-C9D2-44F8-BB97-B15644AC6D99}.Debug|x64.Build.0 = Debug|Any CPU
		{11D2D690-C9D2-44F8-BB97-B15644AC6D99}.Debug|x86.ActiveCfg = Debug|Any CPU
		{11D2D690-C9D2-44F8-BB97-B15644AC6D99}.Debug|x86.Build.0 = Debug|Any CPU
		{11D2D690-C9D2-44F8-BB97-B15644AC6D99}.Release|Any CPU.ActiveCfg = Release|Any CPU
		{11D2D690-C9D2-44F8-BB97-B15644AC6D99}.Release|Any CPU.Build.0 = Release|Any CPU
		{11D2D690-C9D2-44F8-BB97-B15644AC6D99}.Release|ARM.ActiveCfg = Release|Any CPU
		{11D2D690-C9D2-44F8-BB97-B15644AC6D99}.Release|ARM.Build.0 = Release|Any CPU
		{11D2D690-C9D2-44F8-BB97-B15644AC6D99}.Release|x64.ActiveCfg = Release|Any CPU
		{11D2D690-C9D2-44F8-BB97-B15644AC6D99}.Release|x64.Build.0 = Release|Any CPU
		{11D2D690-C9D2-44F8-BB97-B15644AC6D99}.Release|x86.ActiveCfg = Release|Any CPU
		{11D2D690-C9D2-44F8-BB97-B15644AC6D99}.Release|x86.Build.0 = Release|Any CPU
		{738FA670-6B94-4BD8-97F0-A03F4308AC6B}.Debug|Any CPU.ActiveCfg = Debug|Any CPU
		{738FA670-6B94-4BD8-97F0-A03F4308AC6B}.Debug|Any CPU.Build.0 = Debug|Any CPU
		{738FA670-6B94-4BD8-97F0-A03F4308AC6B}.Debug|ARM.ActiveCfg = Debug|Any CPU
		{738FA670-6B94-4BD8-97F0-A03F4308AC6B}.Debug|ARM.Build.0 = Debug|Any CPU
		{738FA670-6B94-4BD8-97F0-A03F4308AC6B}.Debug|x64.ActiveCfg = Debug|Any CPU
		{738FA670-6B94-4BD8-97F0-A03F4308AC6B}.Debug|x64.Build.0 = Debug|Any CPU
		{738FA670-6B94-4BD8-97F0-A03F4308AC6B}.Debug|x86.ActiveCfg = Debug|Any CPU
		{738FA670-6B94-4BD8-97F0-A03F4308AC6B}.Debug|x86.Build.0 = Debug|Any CPU
		{738FA670-6B94-4BD8-97F0-A03F4308AC6B}.Release|Any CPU.ActiveCfg = Release|Any CPU
		{738FA670-6B94-4BD8-97F0-A03F4308AC6B}.Release|Any CPU.Build.0 = Release|Any CPU
		{738FA670-6B94-4BD8-97F0-A03F4308AC6B}.Release|ARM.ActiveCfg = Release|Any CPU
		{738FA670-6B94-4BD8-97F0-A03F4308AC6B}.Release|ARM.Build.0 = Release|Any CPU
		{738FA670-6B94-4BD8-97F0-A03F4308AC6B}.Release|x64.ActiveCfg = Release|Any CPU
		{738FA670-6B94-4BD8-97F0-A03F4308AC6B}.Release|x64.Build.0 = Release|Any CPU
		{738FA670-6B94-4BD8-97F0-A03F4308AC6B}.Release|x86.ActiveCfg = Release|Any CPU
		{738FA670-6B94-4BD8-97F0-A03F4308AC6B}.Release|x86.Build.0 = Release|Any CPU
		{FC2EB3FA-7882-4E6B-B04D-9712D3EA61EC}.Debug|Any CPU.ActiveCfg = Debug|Any CPU
		{FC2EB3FA-7882-4E6B-B04D-9712D3EA61EC}.Debug|Any CPU.Build.0 = Debug|Any CPU
		{FC2EB3FA-7882-4E6B-B04D-9712D3EA61EC}.Debug|ARM.ActiveCfg = Debug|Any CPU
		{FC2EB3FA-7882-4E6B-B04D-9712D3EA61EC}.Debug|ARM.Build.0 = Debug|Any CPU
		{FC2EB3FA-7882-4E6B-B04D-9712D3EA61EC}.Debug|x64.ActiveCfg = Debug|Any CPU
		{FC2EB3FA-7882-4E6B-B04D-9712D3EA61EC}.Debug|x64.Build.0 = Debug|Any CPU
		{FC2EB3FA-7882-4E6B-B04D-9712D3EA61EC}.Debug|x86.ActiveCfg = Debug|Any CPU
		{FC2EB3FA-7882-4E6B-B04D-9712D3EA61EC}.Debug|x86.Build.0 = Debug|Any CPU
		{FC2EB3FA-7882-4E6B-B04D-9712D3EA61EC}.Release|Any CPU.ActiveCfg = Release|Any CPU
		{FC2EB3FA-7882-4E6B-B04D-9712D3EA61EC}.Release|Any CPU.Build.0 = Release|Any CPU
		{FC2EB3FA-7882-4E6B-B04D-9712D3EA61EC}.Release|ARM.ActiveCfg = Release|Any CPU
		{FC2EB3FA-7882-4E6B-B04D-9712D3EA61EC}.Release|ARM.Build.0 = Release|Any CPU
		{FC2EB3FA-7882-4E6B-B04D-9712D3EA61EC}.Release|x64.ActiveCfg = Release|Any CPU
		{FC2EB3FA-7882-4E6B-B04D-9712D3EA61EC}.Release|x64.Build.0 = Release|Any CPU
		{FC2EB3FA-7882-4E6B-B04D-9712D3EA61EC}.Release|x86.ActiveCfg = Release|Any CPU
		{FC2EB3FA-7882-4E6B-B04D-9712D3EA61EC}.Release|x86.Build.0 = Release|Any CPU
		{4BB09748-3EBA-4C90-863C-6D93520229DB}.Debug|Any CPU.ActiveCfg = Debug|Any CPU
		{4BB09748-3EBA-4C90-863C-6D93520229DB}.Debug|Any CPU.Build.0 = Debug|Any CPU
		{4BB09748-3EBA-4C90-863C-6D93520229DB}.Debug|ARM.ActiveCfg = Debug|Any CPU
		{4BB09748-3EBA-4C90-863C-6D93520229DB}.Debug|ARM.Build.0 = Debug|Any CPU
		{4BB09748-3EBA-4C90-863C-6D93520229DB}.Debug|x64.ActiveCfg = Debug|Any CPU
		{4BB09748-3EBA-4C90-863C-6D93520229DB}.Debug|x64.Build.0 = Debug|Any CPU
		{4BB09748-3EBA-4C90-863C-6D93520229DB}.Debug|x86.ActiveCfg = Debug|Any CPU
		{4BB09748-3EBA-4C90-863C-6D93520229DB}.Debug|x86.Build.0 = Debug|Any CPU
		{4BB09748-3EBA-4C90-863C-6D93520229DB}.Release|Any CPU.ActiveCfg = Release|Any CPU
		{4BB09748-3EBA-4C90-863C-6D93520229DB}.Release|Any CPU.Build.0 = Release|Any CPU
		{4BB09748-3EBA-4C90-863C-6D93520229DB}.Release|ARM.ActiveCfg = Release|Any CPU
		{4BB09748-3EBA-4C90-863C-6D93520229DB}.Release|ARM.Build.0 = Release|Any CPU
		{4BB09748-3EBA-4C90-863C-6D93520229DB}.Release|x64.ActiveCfg = Release|Any CPU
		{4BB09748-3EBA-4C90-863C-6D93520229DB}.Release|x64.Build.0 = Release|Any CPU
		{4BB09748-3EBA-4C90-863C-6D93520229DB}.Release|x86.ActiveCfg = Release|Any CPU
		{4BB09748-3EBA-4C90-863C-6D93520229DB}.Release|x86.Build.0 = Release|Any CPU
		{53D40E65-48FF-4BFB-96E1-51588FF5CCC3}.Debug|Any CPU.ActiveCfg = Debug|Any CPU
		{53D40E65-48FF-4BFB-96E1-51588FF5CCC3}.Debug|Any CPU.Build.0 = Debug|Any CPU
		{53D40E65-48FF-4BFB-96E1-51588FF5CCC3}.Debug|ARM.ActiveCfg = Debug|Any CPU
		{53D40E65-48FF-4BFB-96E1-51588FF5CCC3}.Debug|ARM.Build.0 = Debug|Any CPU
		{53D40E65-48FF-4BFB-96E1-51588FF5CCC3}.Debug|x64.ActiveCfg = Debug|Any CPU
		{53D40E65-48FF-4BFB-96E1-51588FF5CCC3}.Debug|x64.Build.0 = Debug|Any CPU
		{53D40E65-48FF-4BFB-96E1-51588FF5CCC3}.Debug|x86.ActiveCfg = Debug|Any CPU
		{53D40E65-48FF-4BFB-96E1-51588FF5CCC3}.Debug|x86.Build.0 = Debug|Any CPU
		{53D40E65-48FF-4BFB-96E1-51588FF5CCC3}.Release|Any CPU.ActiveCfg = Release|Any CPU
		{53D40E65-48FF-4BFB-96E1-51588FF5CCC3}.Release|Any CPU.Build.0 = Release|Any CPU
		{53D40E65-48FF-4BFB-96E1-51588FF5CCC3}.Release|ARM.ActiveCfg = Release|Any CPU
		{53D40E65-48FF-4BFB-96E1-51588FF5CCC3}.Release|ARM.Build.0 = Release|Any CPU
		{53D40E65-48FF-4BFB-96E1-51588FF5CCC3}.Release|x64.ActiveCfg = Release|Any CPU
		{53D40E65-48FF-4BFB-96E1-51588FF5CCC3}.Release|x64.Build.0 = Release|Any CPU
		{53D40E65-48FF-4BFB-96E1-51588FF5CCC3}.Release|x86.ActiveCfg = Release|Any CPU
		{53D40E65-48FF-4BFB-96E1-51588FF5CCC3}.Release|x86.Build.0 = Release|Any CPU
		{0E974FD4-43C2-4CFB-8E59-F48347AA8000}.Debug|Any CPU.ActiveCfg = Debug|Any CPU
		{0E974FD4-43C2-4CFB-8E59-F48347AA8000}.Debug|Any CPU.Build.0 = Debug|Any CPU
		{0E974FD4-43C2-4CFB-8E59-F48347AA8000}.Debug|ARM.ActiveCfg = Debug|Any CPU
		{0E974FD4-43C2-4CFB-8E59-F48347AA8000}.Debug|ARM.Build.0 = Debug|Any CPU
		{0E974FD4-43C2-4CFB-8E59-F48347AA8000}.Debug|x64.ActiveCfg = Debug|Any CPU
		{0E974FD4-43C2-4CFB-8E59-F48347AA8000}.Debug|x64.Build.0 = Debug|Any CPU
		{0E974FD4-43C2-4CFB-8E59-F48347AA8000}.Debug|x86.ActiveCfg = Debug|Any CPU
		{0E974FD4-43C2-4CFB-8E59-F48347AA8000}.Debug|x86.Build.0 = Debug|Any CPU
		{0E974FD4-43C2-4CFB-8E59-F48347AA8000}.Release|Any CPU.ActiveCfg = Release|Any CPU
		{0E974FD4-43C2-4CFB-8E59-F48347AA8000}.Release|Any CPU.Build.0 = Release|Any CPU
		{0E974FD4-43C2-4CFB-8E59-F48347AA8000}.Release|ARM.ActiveCfg = Release|Any CPU
		{0E974FD4-43C2-4CFB-8E59-F48347AA8000}.Release|ARM.Build.0 = Release|Any CPU
		{0E974FD4-43C2-4CFB-8E59-F48347AA8000}.Release|x64.ActiveCfg = Release|Any CPU
		{0E974FD4-43C2-4CFB-8E59-F48347AA8000}.Release|x64.Build.0 = Release|Any CPU
		{0E974FD4-43C2-4CFB-8E59-F48347AA8000}.Release|x86.ActiveCfg = Release|Any CPU
		{0E974FD4-43C2-4CFB-8E59-F48347AA8000}.Release|x86.Build.0 = Release|Any CPU
		{6DA04B8C-E6D4-4CD6-9272-88B1B84E0C13}.Debug|Any CPU.ActiveCfg = Debug|Any CPU
		{6DA04B8C-E6D4-4CD6-9272-88B1B84E0C13}.Debug|Any CPU.Build.0 = Debug|Any CPU
		{6DA04B8C-E6D4-4CD6-9272-88B1B84E0C13}.Debug|ARM.ActiveCfg = Debug|Any CPU
		{6DA04B8C-E6D4-4CD6-9272-88B1B84E0C13}.Debug|ARM.Build.0 = Debug|Any CPU
		{6DA04B8C-E6D4-4CD6-9272-88B1B84E0C13}.Debug|x64.ActiveCfg = Debug|Any CPU
		{6DA04B8C-E6D4-4CD6-9272-88B1B84E0C13}.Debug|x64.Build.0 = Debug|Any CPU
		{6DA04B8C-E6D4-4CD6-9272-88B1B84E0C13}.Debug|x86.ActiveCfg = Debug|Any CPU
		{6DA04B8C-E6D4-4CD6-9272-88B1B84E0C13}.Debug|x86.Build.0 = Debug|Any CPU
		{6DA04B8C-E6D4-4CD6-9272-88B1B84E0C13}.Release|Any CPU.ActiveCfg = Release|Any CPU
		{6DA04B8C-E6D4-4CD6-9272-88B1B84E0C13}.Release|Any CPU.Build.0 = Release|Any CPU
		{6DA04B8C-E6D4-4CD6-9272-88B1B84E0C13}.Release|ARM.ActiveCfg = Release|Any CPU
		{6DA04B8C-E6D4-4CD6-9272-88B1B84E0C13}.Release|ARM.Build.0 = Release|Any CPU
		{6DA04B8C-E6D4-4CD6-9272-88B1B84E0C13}.Release|x64.ActiveCfg = Release|Any CPU
		{6DA04B8C-E6D4-4CD6-9272-88B1B84E0C13}.Release|x64.Build.0 = Release|Any CPU
		{6DA04B8C-E6D4-4CD6-9272-88B1B84E0C13}.Release|x86.ActiveCfg = Release|Any CPU
		{6DA04B8C-E6D4-4CD6-9272-88B1B84E0C13}.Release|x86.Build.0 = Release|Any CPU
		{302AE1E9-22C8-4F0A-B878-6D3234C2CD64}.Debug|Any CPU.ActiveCfg = Debug|Any CPU
		{302AE1E9-22C8-4F0A-B878-6D3234C2CD64}.Debug|Any CPU.Build.0 = Debug|Any CPU
		{302AE1E9-22C8-4F0A-B878-6D3234C2CD64}.Debug|ARM.ActiveCfg = Debug|Any CPU
		{302AE1E9-22C8-4F0A-B878-6D3234C2CD64}.Debug|ARM.Build.0 = Debug|Any CPU
		{302AE1E9-22C8-4F0A-B878-6D3234C2CD64}.Debug|x64.ActiveCfg = Debug|Any CPU
		{302AE1E9-22C8-4F0A-B878-6D3234C2CD64}.Debug|x64.Build.0 = Debug|Any CPU
		{302AE1E9-22C8-4F0A-B878-6D3234C2CD64}.Debug|x86.ActiveCfg = Debug|Any CPU
		{302AE1E9-22C8-4F0A-B878-6D3234C2CD64}.Debug|x86.Build.0 = Debug|Any CPU
		{302AE1E9-22C8-4F0A-B878-6D3234C2CD64}.Release|Any CPU.ActiveCfg = Release|Any CPU
		{302AE1E9-22C8-4F0A-B878-6D3234C2CD64}.Release|Any CPU.Build.0 = Release|Any CPU
		{302AE1E9-22C8-4F0A-B878-6D3234C2CD64}.Release|ARM.ActiveCfg = Release|Any CPU
		{302AE1E9-22C8-4F0A-B878-6D3234C2CD64}.Release|ARM.Build.0 = Release|Any CPU
		{302AE1E9-22C8-4F0A-B878-6D3234C2CD64}.Release|x64.ActiveCfg = Release|Any CPU
		{302AE1E9-22C8-4F0A-B878-6D3234C2CD64}.Release|x64.Build.0 = Release|Any CPU
		{302AE1E9-22C8-4F0A-B878-6D3234C2CD64}.Release|x86.ActiveCfg = Release|Any CPU
		{302AE1E9-22C8-4F0A-B878-6D3234C2CD64}.Release|x86.Build.0 = Release|Any CPU
		{6CC039CA-962B-4216-A0A2-7053A1FCF7F4}.Debug|Any CPU.ActiveCfg = Debug|Any CPU
		{6CC039CA-962B-4216-A0A2-7053A1FCF7F4}.Debug|Any CPU.Build.0 = Debug|Any CPU
		{6CC039CA-962B-4216-A0A2-7053A1FCF7F4}.Debug|ARM.ActiveCfg = Debug|Any CPU
		{6CC039CA-962B-4216-A0A2-7053A1FCF7F4}.Debug|ARM.Build.0 = Debug|Any CPU
		{6CC039CA-962B-4216-A0A2-7053A1FCF7F4}.Debug|x64.ActiveCfg = Debug|Any CPU
		{6CC039CA-962B-4216-A0A2-7053A1FCF7F4}.Debug|x64.Build.0 = Debug|Any CPU
		{6CC039CA-962B-4216-A0A2-7053A1FCF7F4}.Debug|x86.ActiveCfg = Debug|Any CPU
		{6CC039CA-962B-4216-A0A2-7053A1FCF7F4}.Debug|x86.Build.0 = Debug|Any CPU
		{6CC039CA-962B-4216-A0A2-7053A1FCF7F4}.Release|Any CPU.ActiveCfg = Release|Any CPU
		{6CC039CA-962B-4216-A0A2-7053A1FCF7F4}.Release|Any CPU.Build.0 = Release|Any CPU
		{6CC039CA-962B-4216-A0A2-7053A1FCF7F4}.Release|ARM.ActiveCfg = Release|Any CPU
		{6CC039CA-962B-4216-A0A2-7053A1FCF7F4}.Release|ARM.Build.0 = Release|Any CPU
		{6CC039CA-962B-4216-A0A2-7053A1FCF7F4}.Release|x64.ActiveCfg = Release|Any CPU
		{6CC039CA-962B-4216-A0A2-7053A1FCF7F4}.Release|x64.Build.0 = Release|Any CPU
		{6CC039CA-962B-4216-A0A2-7053A1FCF7F4}.Release|x86.ActiveCfg = Release|Any CPU
		{6CC039CA-962B-4216-A0A2-7053A1FCF7F4}.Release|x86.Build.0 = Release|Any CPU
		{9FF87712-F839-4EE9-81F0-D4031DD43564}.Debug|Any CPU.ActiveCfg = Debug|Any CPU
		{9FF87712-F839-4EE9-81F0-D4031DD43564}.Debug|Any CPU.Build.0 = Debug|Any CPU
		{9FF87712-F839-4EE9-81F0-D4031DD43564}.Debug|ARM.ActiveCfg = Debug|Any CPU
		{9FF87712-F839-4EE9-81F0-D4031DD43564}.Debug|ARM.Build.0 = Debug|Any CPU
		{9FF87712-F839-4EE9-81F0-D4031DD43564}.Debug|x64.ActiveCfg = Debug|Any CPU
		{9FF87712-F839-4EE9-81F0-D4031DD43564}.Debug|x64.Build.0 = Debug|Any CPU
		{9FF87712-F839-4EE9-81F0-D4031DD43564}.Debug|x86.ActiveCfg = Debug|Any CPU
		{9FF87712-F839-4EE9-81F0-D4031DD43564}.Debug|x86.Build.0 = Debug|Any CPU
		{9FF87712-F839-4EE9-81F0-D4031DD43564}.Release|Any CPU.ActiveCfg = Release|Any CPU
		{9FF87712-F839-4EE9-81F0-D4031DD43564}.Release|Any CPU.Build.0 = Release|Any CPU
		{9FF87712-F839-4EE9-81F0-D4031DD43564}.Release|ARM.ActiveCfg = Release|Any CPU
		{9FF87712-F839-4EE9-81F0-D4031DD43564}.Release|ARM.Build.0 = Release|Any CPU
		{9FF87712-F839-4EE9-81F0-D4031DD43564}.Release|x64.ActiveCfg = Release|Any CPU
		{9FF87712-F839-4EE9-81F0-D4031DD43564}.Release|x64.Build.0 = Release|Any CPU
		{9FF87712-F839-4EE9-81F0-D4031DD43564}.Release|x86.ActiveCfg = Release|Any CPU
		{9FF87712-F839-4EE9-81F0-D4031DD43564}.Release|x86.Build.0 = Release|Any CPU
		{A10DB696-5060-4F14-B7B1-7F5571B7F2D7}.Debug|Any CPU.ActiveCfg = Debug|Any CPU
		{A10DB696-5060-4F14-B7B1-7F5571B7F2D7}.Debug|Any CPU.Build.0 = Debug|Any CPU
		{A10DB696-5060-4F14-B7B1-7F5571B7F2D7}.Debug|ARM.ActiveCfg = Debug|Any CPU
		{A10DB696-5060-4F14-B7B1-7F5571B7F2D7}.Debug|ARM.Build.0 = Debug|Any CPU
		{A10DB696-5060-4F14-B7B1-7F5571B7F2D7}.Debug|x64.ActiveCfg = Debug|Any CPU
		{A10DB696-5060-4F14-B7B1-7F5571B7F2D7}.Debug|x64.Build.0 = Debug|Any CPU
		{A10DB696-5060-4F14-B7B1-7F5571B7F2D7}.Debug|x86.ActiveCfg = Debug|Any CPU
		{A10DB696-5060-4F14-B7B1-7F5571B7F2D7}.Debug|x86.Build.0 = Debug|Any CPU
		{A10DB696-5060-4F14-B7B1-7F5571B7F2D7}.Release|Any CPU.ActiveCfg = Release|Any CPU
		{A10DB696-5060-4F14-B7B1-7F5571B7F2D7}.Release|Any CPU.Build.0 = Release|Any CPU
		{A10DB696-5060-4F14-B7B1-7F5571B7F2D7}.Release|ARM.ActiveCfg = Release|Any CPU
		{A10DB696-5060-4F14-B7B1-7F5571B7F2D7}.Release|ARM.Build.0 = Release|Any CPU
		{A10DB696-5060-4F14-B7B1-7F5571B7F2D7}.Release|x64.ActiveCfg = Release|Any CPU
		{A10DB696-5060-4F14-B7B1-7F5571B7F2D7}.Release|x64.Build.0 = Release|Any CPU
		{A10DB696-5060-4F14-B7B1-7F5571B7F2D7}.Release|x86.ActiveCfg = Release|Any CPU
		{A10DB696-5060-4F14-B7B1-7F5571B7F2D7}.Release|x86.Build.0 = Release|Any CPU
		{1E40ADC1-B9EC-4518-8E7A-651EDB00B43B}.Debug|Any CPU.ActiveCfg = Debug|Any CPU
		{1E40ADC1-B9EC-4518-8E7A-651EDB00B43B}.Debug|Any CPU.Build.0 = Debug|Any CPU
		{1E40ADC1-B9EC-4518-8E7A-651EDB00B43B}.Debug|ARM.ActiveCfg = Debug|Any CPU
		{1E40ADC1-B9EC-4518-8E7A-651EDB00B43B}.Debug|ARM.Build.0 = Debug|Any CPU
		{1E40ADC1-B9EC-4518-8E7A-651EDB00B43B}.Debug|x64.ActiveCfg = Debug|Any CPU
		{1E40ADC1-B9EC-4518-8E7A-651EDB00B43B}.Debug|x64.Build.0 = Debug|Any CPU
		{1E40ADC1-B9EC-4518-8E7A-651EDB00B43B}.Debug|x86.ActiveCfg = Debug|Any CPU
		{1E40ADC1-B9EC-4518-8E7A-651EDB00B43B}.Debug|x86.Build.0 = Debug|Any CPU
		{1E40ADC1-B9EC-4518-8E7A-651EDB00B43B}.Release|Any CPU.ActiveCfg = Release|Any CPU
		{1E40ADC1-B9EC-4518-8E7A-651EDB00B43B}.Release|Any CPU.Build.0 = Release|Any CPU
		{1E40ADC1-B9EC-4518-8E7A-651EDB00B43B}.Release|ARM.ActiveCfg = Release|Any CPU
		{1E40ADC1-B9EC-4518-8E7A-651EDB00B43B}.Release|ARM.Build.0 = Release|Any CPU
		{1E40ADC1-B9EC-4518-8E7A-651EDB00B43B}.Release|x64.ActiveCfg = Release|Any CPU
		{1E40ADC1-B9EC-4518-8E7A-651EDB00B43B}.Release|x64.Build.0 = Release|Any CPU
		{1E40ADC1-B9EC-4518-8E7A-651EDB00B43B}.Release|x86.ActiveCfg = Release|Any CPU
		{1E40ADC1-B9EC-4518-8E7A-651EDB00B43B}.Release|x86.Build.0 = Release|Any CPU
		{C895C0C3-E6FF-4BFF-B839-E12C83522497}.Debug|Any CPU.ActiveCfg = Debug|Any CPU
		{C895C0C3-E6FF-4BFF-B839-E12C83522497}.Debug|Any CPU.Build.0 = Debug|Any CPU
		{C895C0C3-E6FF-4BFF-B839-E12C83522497}.Debug|ARM.ActiveCfg = Debug|Any CPU
		{C895C0C3-E6FF-4BFF-B839-E12C83522497}.Debug|ARM.Build.0 = Debug|Any CPU
		{C895C0C3-E6FF-4BFF-B839-E12C83522497}.Debug|x64.ActiveCfg = Debug|Any CPU
		{C895C0C3-E6FF-4BFF-B839-E12C83522497}.Debug|x64.Build.0 = Debug|Any CPU
		{C895C0C3-E6FF-4BFF-B839-E12C83522497}.Debug|x86.ActiveCfg = Debug|Any CPU
		{C895C0C3-E6FF-4BFF-B839-E12C83522497}.Debug|x86.Build.0 = Debug|Any CPU
		{C895C0C3-E6FF-4BFF-B839-E12C83522497}.Release|Any CPU.ActiveCfg = Release|Any CPU
		{C895C0C3-E6FF-4BFF-B839-E12C83522497}.Release|Any CPU.Build.0 = Release|Any CPU
		{C895C0C3-E6FF-4BFF-B839-E12C83522497}.Release|ARM.ActiveCfg = Release|Any CPU
		{C895C0C3-E6FF-4BFF-B839-E12C83522497}.Release|ARM.Build.0 = Release|Any CPU
		{C895C0C3-E6FF-4BFF-B839-E12C83522497}.Release|x64.ActiveCfg = Release|Any CPU
		{C895C0C3-E6FF-4BFF-B839-E12C83522497}.Release|x64.Build.0 = Release|Any CPU
		{C895C0C3-E6FF-4BFF-B839-E12C83522497}.Release|x86.ActiveCfg = Release|Any CPU
		{C895C0C3-E6FF-4BFF-B839-E12C83522497}.Release|x86.Build.0 = Release|Any CPU
		{25E29957-0A4E-4C47-BC5D-FBEECAABD773}.Debug|Any CPU.ActiveCfg = Debug|Any CPU
		{25E29957-0A4E-4C47-BC5D-FBEECAABD773}.Debug|Any CPU.Build.0 = Debug|Any CPU
		{25E29957-0A4E-4C47-BC5D-FBEECAABD773}.Debug|ARM.ActiveCfg = Debug|Any CPU
		{25E29957-0A4E-4C47-BC5D-FBEECAABD773}.Debug|ARM.Build.0 = Debug|Any CPU
		{25E29957-0A4E-4C47-BC5D-FBEECAABD773}.Debug|x64.ActiveCfg = Debug|Any CPU
		{25E29957-0A4E-4C47-BC5D-FBEECAABD773}.Debug|x64.Build.0 = Debug|Any CPU
		{25E29957-0A4E-4C47-BC5D-FBEECAABD773}.Debug|x86.ActiveCfg = Debug|Any CPU
		{25E29957-0A4E-4C47-BC5D-FBEECAABD773}.Debug|x86.Build.0 = Debug|Any CPU
		{25E29957-0A4E-4C47-BC5D-FBEECAABD773}.Release|Any CPU.ActiveCfg = Release|Any CPU
		{25E29957-0A4E-4C47-BC5D-FBEECAABD773}.Release|Any CPU.Build.0 = Release|Any CPU
		{25E29957-0A4E-4C47-BC5D-FBEECAABD773}.Release|ARM.ActiveCfg = Release|Any CPU
		{25E29957-0A4E-4C47-BC5D-FBEECAABD773}.Release|ARM.Build.0 = Release|Any CPU
		{25E29957-0A4E-4C47-BC5D-FBEECAABD773}.Release|x64.ActiveCfg = Release|Any CPU
		{25E29957-0A4E-4C47-BC5D-FBEECAABD773}.Release|x64.Build.0 = Release|Any CPU
		{25E29957-0A4E-4C47-BC5D-FBEECAABD773}.Release|x86.ActiveCfg = Release|Any CPU
		{25E29957-0A4E-4C47-BC5D-FBEECAABD773}.Release|x86.Build.0 = Release|Any CPU
		{EF008584-2070-4D4A-BBB2-DFFEB82E861E}.Debug|Any CPU.ActiveCfg = Debug|Any CPU
		{EF008584-2070-4D4A-BBB2-DFFEB82E861E}.Debug|Any CPU.Build.0 = Debug|Any CPU
		{EF008584-2070-4D4A-BBB2-DFFEB82E861E}.Debug|ARM.ActiveCfg = Debug|Any CPU
		{EF008584-2070-4D4A-BBB2-DFFEB82E861E}.Debug|ARM.Build.0 = Debug|Any CPU
		{EF008584-2070-4D4A-BBB2-DFFEB82E861E}.Debug|x64.ActiveCfg = Debug|Any CPU
		{EF008584-2070-4D4A-BBB2-DFFEB82E861E}.Debug|x64.Build.0 = Debug|Any CPU
		{EF008584-2070-4D4A-BBB2-DFFEB82E861E}.Debug|x86.ActiveCfg = Debug|Any CPU
		{EF008584-2070-4D4A-BBB2-DFFEB82E861E}.Debug|x86.Build.0 = Debug|Any CPU
		{EF008584-2070-4D4A-BBB2-DFFEB82E861E}.Release|Any CPU.ActiveCfg = Release|Any CPU
		{EF008584-2070-4D4A-BBB2-DFFEB82E861E}.Release|Any CPU.Build.0 = Release|Any CPU
		{EF008584-2070-4D4A-BBB2-DFFEB82E861E}.Release|ARM.ActiveCfg = Release|Any CPU
		{EF008584-2070-4D4A-BBB2-DFFEB82E861E}.Release|ARM.Build.0 = Release|Any CPU
		{EF008584-2070-4D4A-BBB2-DFFEB82E861E}.Release|x64.ActiveCfg = Release|Any CPU
		{EF008584-2070-4D4A-BBB2-DFFEB82E861E}.Release|x64.Build.0 = Release|Any CPU
		{EF008584-2070-4D4A-BBB2-DFFEB82E861E}.Release|x86.ActiveCfg = Release|Any CPU
		{EF008584-2070-4D4A-BBB2-DFFEB82E861E}.Release|x86.Build.0 = Release|Any CPU
		{E56492EE-70BD-4121-B03C-3B4A5740BB40}.Debug|Any CPU.ActiveCfg = Debug|Any CPU
		{E56492EE-70BD-4121-B03C-3B4A5740BB40}.Debug|Any CPU.Build.0 = Debug|Any CPU
		{E56492EE-70BD-4121-B03C-3B4A5740BB40}.Debug|ARM.ActiveCfg = Debug|Any CPU
		{E56492EE-70BD-4121-B03C-3B4A5740BB40}.Debug|ARM.Build.0 = Debug|Any CPU
		{E56492EE-70BD-4121-B03C-3B4A5740BB40}.Debug|x64.ActiveCfg = Debug|Any CPU
		{E56492EE-70BD-4121-B03C-3B4A5740BB40}.Debug|x64.Build.0 = Debug|Any CPU
		{E56492EE-70BD-4121-B03C-3B4A5740BB40}.Debug|x86.ActiveCfg = Debug|Any CPU
		{E56492EE-70BD-4121-B03C-3B4A5740BB40}.Debug|x86.Build.0 = Debug|Any CPU
		{E56492EE-70BD-4121-B03C-3B4A5740BB40}.Release|Any CPU.ActiveCfg = Release|Any CPU
		{E56492EE-70BD-4121-B03C-3B4A5740BB40}.Release|Any CPU.Build.0 = Release|Any CPU
		{E56492EE-70BD-4121-B03C-3B4A5740BB40}.Release|ARM.ActiveCfg = Release|Any CPU
		{E56492EE-70BD-4121-B03C-3B4A5740BB40}.Release|ARM.Build.0 = Release|Any CPU
		{E56492EE-70BD-4121-B03C-3B4A5740BB40}.Release|x64.ActiveCfg = Release|Any CPU
		{E56492EE-70BD-4121-B03C-3B4A5740BB40}.Release|x64.Build.0 = Release|Any CPU
		{E56492EE-70BD-4121-B03C-3B4A5740BB40}.Release|x86.ActiveCfg = Release|Any CPU
		{E56492EE-70BD-4121-B03C-3B4A5740BB40}.Release|x86.Build.0 = Release|Any CPU
		{696306BC-0240-4A07-8090-E2B12F4DA12D}.Debug|Any CPU.ActiveCfg = Debug|Any CPU
		{696306BC-0240-4A07-8090-E2B12F4DA12D}.Debug|Any CPU.Build.0 = Debug|Any CPU
		{696306BC-0240-4A07-8090-E2B12F4DA12D}.Debug|ARM.ActiveCfg = Debug|Any CPU
		{696306BC-0240-4A07-8090-E2B12F4DA12D}.Debug|ARM.Build.0 = Debug|Any CPU
		{696306BC-0240-4A07-8090-E2B12F4DA12D}.Debug|x64.ActiveCfg = Debug|Any CPU
		{696306BC-0240-4A07-8090-E2B12F4DA12D}.Debug|x64.Build.0 = Debug|Any CPU
		{696306BC-0240-4A07-8090-E2B12F4DA12D}.Debug|x86.ActiveCfg = Debug|Any CPU
		{696306BC-0240-4A07-8090-E2B12F4DA12D}.Debug|x86.Build.0 = Debug|Any CPU
		{696306BC-0240-4A07-8090-E2B12F4DA12D}.Release|Any CPU.ActiveCfg = Release|Any CPU
		{696306BC-0240-4A07-8090-E2B12F4DA12D}.Release|Any CPU.Build.0 = Release|Any CPU
		{696306BC-0240-4A07-8090-E2B12F4DA12D}.Release|ARM.ActiveCfg = Release|Any CPU
		{696306BC-0240-4A07-8090-E2B12F4DA12D}.Release|ARM.Build.0 = Release|Any CPU
		{696306BC-0240-4A07-8090-E2B12F4DA12D}.Release|x64.ActiveCfg = Release|Any CPU
		{696306BC-0240-4A07-8090-E2B12F4DA12D}.Release|x64.Build.0 = Release|Any CPU
		{696306BC-0240-4A07-8090-E2B12F4DA12D}.Release|x86.ActiveCfg = Release|Any CPU
		{696306BC-0240-4A07-8090-E2B12F4DA12D}.Release|x86.Build.0 = Release|Any CPU
		{5B4C22DC-CEC3-4951-B114-8A257476DED7}.Debug|Any CPU.ActiveCfg = Debug|Any CPU
		{5B4C22DC-CEC3-4951-B114-8A257476DED7}.Debug|Any CPU.Build.0 = Debug|Any CPU
		{5B4C22DC-CEC3-4951-B114-8A257476DED7}.Debug|ARM.ActiveCfg = Debug|Any CPU
		{5B4C22DC-CEC3-4951-B114-8A257476DED7}.Debug|ARM.Build.0 = Debug|Any CPU
		{5B4C22DC-CEC3-4951-B114-8A257476DED7}.Debug|x64.ActiveCfg = Debug|Any CPU
		{5B4C22DC-CEC3-4951-B114-8A257476DED7}.Debug|x64.Build.0 = Debug|Any CPU
		{5B4C22DC-CEC3-4951-B114-8A257476DED7}.Debug|x86.ActiveCfg = Debug|Any CPU
		{5B4C22DC-CEC3-4951-B114-8A257476DED7}.Debug|x86.Build.0 = Debug|Any CPU
		{5B4C22DC-CEC3-4951-B114-8A257476DED7}.Release|Any CPU.ActiveCfg = Release|Any CPU
		{5B4C22DC-CEC3-4951-B114-8A257476DED7}.Release|Any CPU.Build.0 = Release|Any CPU
		{5B4C22DC-CEC3-4951-B114-8A257476DED7}.Release|ARM.ActiveCfg = Release|Any CPU
		{5B4C22DC-CEC3-4951-B114-8A257476DED7}.Release|ARM.Build.0 = Release|Any CPU
		{5B4C22DC-CEC3-4951-B114-8A257476DED7}.Release|x64.ActiveCfg = Release|Any CPU
		{5B4C22DC-CEC3-4951-B114-8A257476DED7}.Release|x64.Build.0 = Release|Any CPU
		{5B4C22DC-CEC3-4951-B114-8A257476DED7}.Release|x86.ActiveCfg = Release|Any CPU
		{5B4C22DC-CEC3-4951-B114-8A257476DED7}.Release|x86.Build.0 = Release|Any CPU
		{8C1BD19C-75DD-4AA1-9FB0-B4B0405C0598}.Debug|Any CPU.ActiveCfg = Debug|Any CPU
		{8C1BD19C-75DD-4AA1-9FB0-B4B0405C0598}.Debug|Any CPU.Build.0 = Debug|Any CPU
		{8C1BD19C-75DD-4AA1-9FB0-B4B0405C0598}.Debug|ARM.ActiveCfg = Debug|Any CPU
		{8C1BD19C-75DD-4AA1-9FB0-B4B0405C0598}.Debug|ARM.Build.0 = Debug|Any CPU
		{8C1BD19C-75DD-4AA1-9FB0-B4B0405C0598}.Debug|x64.ActiveCfg = Debug|Any CPU
		{8C1BD19C-75DD-4AA1-9FB0-B4B0405C0598}.Debug|x64.Build.0 = Debug|Any CPU
		{8C1BD19C-75DD-4AA1-9FB0-B4B0405C0598}.Debug|x86.ActiveCfg = Debug|Any CPU
		{8C1BD19C-75DD-4AA1-9FB0-B4B0405C0598}.Debug|x86.Build.0 = Debug|Any CPU
		{8C1BD19C-75DD-4AA1-9FB0-B4B0405C0598}.Release|Any CPU.ActiveCfg = Release|Any CPU
		{8C1BD19C-75DD-4AA1-9FB0-B4B0405C0598}.Release|Any CPU.Build.0 = Release|Any CPU
		{8C1BD19C-75DD-4AA1-9FB0-B4B0405C0598}.Release|ARM.ActiveCfg = Release|Any CPU
		{8C1BD19C-75DD-4AA1-9FB0-B4B0405C0598}.Release|ARM.Build.0 = Release|Any CPU
		{8C1BD19C-75DD-4AA1-9FB0-B4B0405C0598}.Release|x64.ActiveCfg = Release|Any CPU
		{8C1BD19C-75DD-4AA1-9FB0-B4B0405C0598}.Release|x64.Build.0 = Release|Any CPU
		{8C1BD19C-75DD-4AA1-9FB0-B4B0405C0598}.Release|x86.ActiveCfg = Release|Any CPU
		{8C1BD19C-75DD-4AA1-9FB0-B4B0405C0598}.Release|x86.Build.0 = Release|Any CPU
		{DD5CC1E8-2185-42BB-81AD-760C9BCD21FF}.Debug|Any CPU.ActiveCfg = Debug|Any CPU
		{DD5CC1E8-2185-42BB-81AD-760C9BCD21FF}.Debug|Any CPU.Build.0 = Debug|Any CPU
		{DD5CC1E8-2185-42BB-81AD-760C9BCD21FF}.Debug|ARM.ActiveCfg = Debug|Any CPU
		{DD5CC1E8-2185-42BB-81AD-760C9BCD21FF}.Debug|ARM.Build.0 = Debug|Any CPU
		{DD5CC1E8-2185-42BB-81AD-760C9BCD21FF}.Debug|x64.ActiveCfg = Debug|Any CPU
		{DD5CC1E8-2185-42BB-81AD-760C9BCD21FF}.Debug|x64.Build.0 = Debug|Any CPU
		{DD5CC1E8-2185-42BB-81AD-760C9BCD21FF}.Debug|x86.ActiveCfg = Debug|Any CPU
		{DD5CC1E8-2185-42BB-81AD-760C9BCD21FF}.Debug|x86.Build.0 = Debug|Any CPU
		{DD5CC1E8-2185-42BB-81AD-760C9BCD21FF}.Release|Any CPU.ActiveCfg = Release|Any CPU
		{DD5CC1E8-2185-42BB-81AD-760C9BCD21FF}.Release|Any CPU.Build.0 = Release|Any CPU
		{DD5CC1E8-2185-42BB-81AD-760C9BCD21FF}.Release|ARM.ActiveCfg = Release|Any CPU
		{DD5CC1E8-2185-42BB-81AD-760C9BCD21FF}.Release|ARM.Build.0 = Release|Any CPU
		{DD5CC1E8-2185-42BB-81AD-760C9BCD21FF}.Release|x64.ActiveCfg = Release|Any CPU
		{DD5CC1E8-2185-42BB-81AD-760C9BCD21FF}.Release|x64.Build.0 = Release|Any CPU
		{DD5CC1E8-2185-42BB-81AD-760C9BCD21FF}.Release|x86.ActiveCfg = Release|Any CPU
		{DD5CC1E8-2185-42BB-81AD-760C9BCD21FF}.Release|x86.Build.0 = Release|Any CPU
		{8F41A6D3-0724-41CA-8412-E986714E3747}.Debug|Any CPU.ActiveCfg = Debug|Any CPU
		{8F41A6D3-0724-41CA-8412-E986714E3747}.Debug|Any CPU.Build.0 = Debug|Any CPU
		{8F41A6D3-0724-41CA-8412-E986714E3747}.Debug|ARM.ActiveCfg = Debug|Any CPU
		{8F41A6D3-0724-41CA-8412-E986714E3747}.Debug|ARM.Build.0 = Debug|Any CPU
		{8F41A6D3-0724-41CA-8412-E986714E3747}.Debug|x64.ActiveCfg = Debug|Any CPU
		{8F41A6D3-0724-41CA-8412-E986714E3747}.Debug|x64.Build.0 = Debug|Any CPU
		{8F41A6D3-0724-41CA-8412-E986714E3747}.Debug|x86.ActiveCfg = Debug|Any CPU
		{8F41A6D3-0724-41CA-8412-E986714E3747}.Debug|x86.Build.0 = Debug|Any CPU
		{8F41A6D3-0724-41CA-8412-E986714E3747}.Release|Any CPU.ActiveCfg = Release|Any CPU
		{8F41A6D3-0724-41CA-8412-E986714E3747}.Release|Any CPU.Build.0 = Release|Any CPU
		{8F41A6D3-0724-41CA-8412-E986714E3747}.Release|ARM.ActiveCfg = Release|Any CPU
		{8F41A6D3-0724-41CA-8412-E986714E3747}.Release|ARM.Build.0 = Release|Any CPU
		{8F41A6D3-0724-41CA-8412-E986714E3747}.Release|x64.ActiveCfg = Release|Any CPU
		{8F41A6D3-0724-41CA-8412-E986714E3747}.Release|x64.Build.0 = Release|Any CPU
		{8F41A6D3-0724-41CA-8412-E986714E3747}.Release|x86.ActiveCfg = Release|Any CPU
		{8F41A6D3-0724-41CA-8412-E986714E3747}.Release|x86.Build.0 = Release|Any CPU
	EndGlobalSection
	GlobalSection(SolutionProperties) = preSolution
		HideSolutionNode = FALSE
	EndGlobalSection
	GlobalSection(NestedProjects) = preSolution
		{FC2EB3FA-7882-4E6B-B04D-9712D3EA61EC} = {2B806C05-866E-4CE0-A5C6-71D099F591D6}
		{6DA04B8C-E6D4-4CD6-9272-88B1B84E0C13} = {2B806C05-866E-4CE0-A5C6-71D099F591D6}
		{9FF87712-F839-4EE9-81F0-D4031DD43564} = {2B806C05-866E-4CE0-A5C6-71D099F591D6}
		{C895C0C3-E6FF-4BFF-B839-E12C83522497} = {2B806C05-866E-4CE0-A5C6-71D099F591D6}
		{EF008584-2070-4D4A-BBB2-DFFEB82E861E} = {2B806C05-866E-4CE0-A5C6-71D099F591D6}
		{5B4C22DC-CEC3-4951-B114-8A257476DED7} = {2B806C05-866E-4CE0-A5C6-71D099F591D6}
	EndGlobalSection
	GlobalSection(ExtensibilityGlobals) = postSolution
		SolutionGuid = {AD33AA5D-51E6-4BEC-826D-25B7DFDE3718}
	EndGlobalSection
EndGlobal
